
Microsoft Visual Studio Solution File, Format Version 12.00
# Visual Studio Version 17
VisualStudioVersion = 17.9.34607.119
MinimumVisualStudioVersion = 10.0.40219.1
Project("{FAE04EC0-301F-11D3-BF4B-00C04F79EFBC}") = "Veterinaria_Web", "Veterinaria_Web.csproj", "{F899E0A1-DE3A-4F23-AFA4-F7CE0F0A8D84}"
EndProject
Global
	GlobalSection(SolutionConfigurationPlatforms) = preSolution
		Debug|Any CPU = Debug|Any CPU
		Release|Any CPU = Release|Any CPU
	EndGlobalSection
	GlobalSection(ProjectConfigurationPlatforms) = postSolution
		{F899E0A1-DE3A-4F23-AFA4-F7CE0F0A8D84}.Debug|Any CPU.ActiveCfg = Debug|Any CPU
		{F899E0A1-DE3A-4F23-AFA4-F7CE0F0A8D84}.Debug|Any CPU.Build.0 = Debug|Any CPU
		{F899E0A1-DE3A-4F23-AFA4-F7CE0F0A8D84}.Release|Any CPU.ActiveCfg = Release|Any CPU
		{F899E0A1-DE3A-4F23-AFA4-F7CE0F0A8D84}.Release|Any CPU.Build.0 = Release|Any CPU
	EndGlobalSection
	GlobalSection(SolutionProperties) = preSolution
		HideSolutionNode = FALSE
	EndGlobalSection
	GlobalSection(ExtensibilityGlobals) = postSolution
		SolutionGuid = {E9212AE4-F001-47EF-A140-7B199A7F6BBF}
	EndGlobalSection
EndGlobal
